
Microsoft Visual Studio Solution File, Format Version 12.00
# Visual Studio 15
VisualStudioVersion = 15.0.28307.1758
MinimumVisualStudioVersion = 10.0.40219.1
Project("{FAE04EC0-301F-11D3-BF4B-00C04F79EFBC}") = "GameEditor", "GameEditor\GameEditor.csproj", "{224075AF-0E69-401A-BF26-53366C6A7530}"
EndProject
Project("{FAE04EC0-301F-11D3-BF4B-00C04F79EFBC}") = "Game", "Game\Game.csproj", "{EEA765EF-FF19-476D-B2FE-6F85A7DC7F2C}"
EndProject
Global
	GlobalSection(SolutionConfigurationPlatforms) = preSolution
		Debug|Any CPU = Debug|Any CPU
		Release|Any CPU = Release|Any CPU
	EndGlobalSection
	GlobalSection(ProjectConfigurationPlatforms) = postSolution
		{224075AF-0E69-401A-BF26-53366C6A7530}.Debug|Any CPU.ActiveCfg = Debug|Any CPU
		{224075AF-0E69-401A-BF26-53366C6A7530}.Debug|Any CPU.Build.0 = Debug|Any CPU
		{224075AF-0E69-401A-BF26-53366C6A7530}.Release|Any CPU.ActiveCfg = Release|Any CPU
		{EEA765EF-FF19-476D-B2FE-6F85A7DC7F2C}.Debug|Any CPU.ActiveCfg = Debug|Any CPU
		{EEA765EF-FF19-476D-B2FE-6F85A7DC7F2C}.Debug|Any CPU.Build.0 = Debug|Any CPU
		{EEA765EF-FF19-476D-B2FE-6F85A7DC7F2C}.Release|Any CPU.ActiveCfg = Release|Any CPU
		{EEA765EF-FF19-476D-B2FE-6F85A7DC7F2C}.Release|Any CPU.Build.0 = Release|Any CPU
	EndGlobalSection
	GlobalSection(SolutionProperties) = preSolution
		HideSolutionNode = FALSE
	EndGlobalSection
	GlobalSection(ExtensibilityGlobals) = postSolution
		SolutionGuid = {9DE1B6AA-B5BB-45F6-B433-827C84231429}
	EndGlobalSection
EndGlobal
